
Microsoft Visual Studio Solution File, Format Version 12.00
# Visual Studio Version 17
VisualStudioVersion = 17.1.32414.318
MinimumVisualStudioVersion = 10.0.40219.1
Project("{8BC9CEB8-8B4A-11D0-8D11-00A0C91BC942}") = "Lab4", "Lab4.vcxproj", "{FD7DA5A6-1A91-4F74-A2EE-C341813C1006}"
EndProject
Global
	GlobalSection(SolutionConfigurationPlatforms) = preSolution
		Debug|x64 = Debug|x64
		Debug|x86 = Debug|x86
		Release|x64 = Release|x64
		Release|x86 = Release|x86
	EndGlobalSection
	GlobalSection(ProjectConfigurationPlatforms) = postSolution
		{FD7DA5A6-1A91-4F74-A2EE-C341813C1006}.Debug|x64.ActiveCfg = Debug|x64
		{FD7DA5A6-1A91-4F74-A2EE-C341813C1006}.Debug|x64.Build.0 = Debug|x64
		{FD7DA5A6-1A91-4F74-A2EE-C341813C1006}.Debug|x86.ActiveCfg = Debug|Win32
		{FD7DA5A6-1A91-4F74-A2EE-C341813C1006}.Debug|x86.Build.0 = Debug|Win32
		{FD7DA5A6-1A91-4F74-A2EE-C341813C1006}.Release|x64.ActiveCfg = Release|x64
		{FD7DA5A6-1A91-4F74-A2EE-C341813C1006}.Release|x64.Build.0 = Release|x64
		{FD7DA5A6-1A91-4F74-A2EE-C341813C1006}.Release|x86.ActiveCfg = Release|Win32
		{FD7DA5A6-1A91-4F74-A2EE-C341813C1006}.Release|x86.Build.0 = Release|Win32
	EndGlobalSection
	GlobalSection(SolutionProperties) = preSolution
		HideSolutionNode = FALSE
	EndGlobalSection
	GlobalSection(ExtensibilityGlobals) = postSolution
		SolutionGuid = {6B245E1E-F1A0-4BD5-B2F2-EA4B45261A5B}
	EndGlobalSection
EndGlobal
